{
  "name": "@ibgib/encrypt-gib",
  "version": "0.2.25",
  "lockfileVersion": 2,
  "requires": true,
  "packages": {
    "": {
      "name": "@ibgib/encrypt-gib",
      "version": "0.2.25",
      "license": "ISC",
      "dependencies": {
        "@ibgib/helper-gib": "^0.0.20"
      },
      "bin": {
        "encrypt-gib": "dist/rli/rli.mjs"
      },
      "devDependencies": {
        "@types/node": "^20.2.1"
      },
      "engines": {
        "node": ">=19.0.0"
      },
      "funding": {
        "type": "individual",
        "url": "https://paypal.me/ibGib"
      }
    },
    "node_modules/@ibgib/helper-gib": {
      "version": "0.0.20",
      "resolved": "https://registry.npmjs.org/@ibgib/helper-gib/-/helper-gib-0.0.20.tgz",
      "integrity": "sha512-F/1uTq5+L81THUjO3z+CKSVCyKhm9zl29+uPKDeTkXDGVjuxEuxnLTOfLXhpUjuUb/2Vz84j31esrKrxPpdXhA==",
      "engines": {
        "node": ">=19.0.0"
      },
      "funding": {
        "type": "individual",
        "url": "https://paypal.me/ibGib"
      }
    },
    "node_modules/@types/node": {
      "version": "20.2.1",
      "resolved": "https://registry.npmjs.org/@types/node/-/node-20.2.1.tgz",
      "integrity": "sha512-DqJociPbZP1lbZ5SQPk4oag6W7AyaGMO6gSfRwq3PWl4PXTwJpRQJhDq4W0kzrg3w6tJ1SwlvGZ5uKFHY13LIg==",
      "dev": true
    }
  },
  "dependencies": {
    "@ibgib/helper-gib": {
      "version": "0.0.20",
      "resolved": "https://registry.npmjs.org/@ibgib/helper-gib/-/helper-gib-0.0.20.tgz",
      "integrity": "sha512-F/1uTq5+L81THUjO3z+CKSVCyKhm9zl29+uPKDeTkXDGVjuxEuxnLTOfLXhpUjuUb/2Vz84j31esrKrxPpdXhA=="
    },
    "@types/node": {
      "version": "20.2.1",
      "resolved": "https://registry.npmjs.org/@types/node/-/node-20.2.1.tgz",
      "integrity": "sha512-DqJociPbZP1lbZ5SQPk4oag6W7AyaGMO6gSfRwq3PWl4PXTwJpRQJhDq4W0kzrg3w6tJ1SwlvGZ5uKFHY13LIg==",
      "dev": true
    }
  }
}
